
Microsoft Visual Studio Solution File, Format Version 12.00
Project("{FAE04EC0-301F-11D3-BF4B-00C04F79EFBC}") = "Synapse", "Synapse\Synapse.csproj", "{6933EF89-DB40-4851-A505-7F6FFCCF154A}"
EndProject
Project("{FAE04EC0-301F-11D3-BF4B-00C04F79EFBC}") = "SynapseInjector", "SynapseInjector\SynapseInjector.csproj", "{A6753236-E881-4DCF-A7F1-A98A0702E229}"
EndProject
Global
	GlobalSection(SolutionConfigurationPlatforms) = preSolution
		Debug|Any CPU = Debug|Any CPU
		Release|Any CPU = Release|Any CPU
	EndGlobalSection
	GlobalSection(ProjectConfigurationPlatforms) = postSolution
		{6933EF89-DB40-4851-A505-7F6FFCCF154A}.Debug|Any CPU.ActiveCfg = Debug|Any CPU
		{6933EF89-DB40-4851-A505-7F6FFCCF154A}.Debug|Any CPU.Build.0 = Debug|Any CPU
		{6933EF89-DB40-4851-A505-7F6FFCCF154A}.Release|Any CPU.ActiveCfg = Release|Any CPU
		{6933EF89-DB40-4851-A505-7F6FFCCF154A}.Release|Any CPU.Build.0 = Release|Any CPU
		{A6753236-E881-4DCF-A7F1-A98A0702E229}.Debug|Any CPU.ActiveCfg = Debug|Any CPU
		{A6753236-E881-4DCF-A7F1-A98A0702E229}.Debug|Any CPU.Build.0 = Debug|Any CPU
		{A6753236-E881-4DCF-A7F1-A98A0702E229}.Release|Any CPU.ActiveCfg = Release|Any CPU
		{A6753236-E881-4DCF-A7F1-A98A0702E229}.Release|Any CPU.Build.0 = Release|Any CPU
	EndGlobalSection
EndGlobal
