
Microsoft Visual Studio Solution File, Format Version 12.00
Project("{FAE04EC0-301F-11D3-BF4B-00C04F79EFBC}") = "Synapse3.Platform", "Synapse3.Platform\Synapse3.Platform.csproj", "{AECE678B-12A9-47DA-B74A-6A2A6D85CBE7}"
EndProject
Project("{FAE04EC0-301F-11D3-BF4B-00C04F79EFBC}") = "Synapse3.Injector", "Synapse3.Injector\Synapse3.Injector.csproj", "{9F7DC781-0B15-4BD9-9CE7-C3D9084F21EF}"
EndProject
Project("{FAE04EC0-301F-11D3-BF4B-00C04F79EFBC}") = "Synapse3.SynapseModule", "Synapse3.SynapseModule\Synapse3.SynapseModule.csproj", "{F880C8DE-7742-42FF-AD28-840EB81238F4}"
EndProject
Project("{FAE04EC0-301F-11D3-BF4B-00C04F79EFBC}") = "Synapse3.ExamplePlugin", "Synapse3.ExamplePlugin\Synapse3.ExamplePlugin.csproj", "{A15E8A0D-C71D-4615-97BE-53225FC36FAB}"
EndProject
Project("{FAE04EC0-301F-11D3-BF4B-00C04F79EFBC}") = "Synapse3.ExampleModule", "Synapse3.ExampleModule\Synapse3.ExampleModule.csproj", "{61CAE88A-50E5-4B73-B69A-10D7B92889EB}"
EndProject
Global
	GlobalSection(SolutionConfigurationPlatforms) = preSolution
		Debug|Any CPU = Debug|Any CPU
		Custom Version|Any CPU = Custom Version|Any CPU
		Main Release|Any CPU = Main Release|Any CPU
	EndGlobalSection
	GlobalSection(ProjectConfigurationPlatforms) = postSolution
		{AECE678B-12A9-47DA-B74A-6A2A6D85CBE7}.Debug|Any CPU.ActiveCfg = Debug|Any CPU
		{AECE678B-12A9-47DA-B74A-6A2A6D85CBE7}.Debug|Any CPU.Build.0 = Debug|Any CPU
		{AECE678B-12A9-47DA-B74A-6A2A6D85CBE7}.Custom Version|Any CPU.ActiveCfg = Custom Version|Any CPU
		{AECE678B-12A9-47DA-B74A-6A2A6D85CBE7}.Custom Version|Any CPU.Build.0 = Custom Version|Any CPU
		{AECE678B-12A9-47DA-B74A-6A2A6D85CBE7}.Main Release|Any CPU.ActiveCfg = Main Release|Any CPU
		{AECE678B-12A9-47DA-B74A-6A2A6D85CBE7}.Main Release|Any CPU.Build.0 = Main Release|Any CPU
		{9F7DC781-0B15-4BD9-9CE7-C3D9084F21EF}.Debug|Any CPU.ActiveCfg = Debug|Any CPU
		{9F7DC781-0B15-4BD9-9CE7-C3D9084F21EF}.Debug|Any CPU.Build.0 = Debug|Any CPU
		{9F7DC781-0B15-4BD9-9CE7-C3D9084F21EF}.Custom Version|Any CPU.ActiveCfg = Custom Version|Any CPU
		{9F7DC781-0B15-4BD9-9CE7-C3D9084F21EF}.Custom Version|Any CPU.Build.0 = Custom Version|Any CPU
		{9F7DC781-0B15-4BD9-9CE7-C3D9084F21EF}.Main Release|Any CPU.ActiveCfg = Main Release|Any CPU
		{9F7DC781-0B15-4BD9-9CE7-C3D9084F21EF}.Main Release|Any CPU.Build.0 = Main Release|Any CPU
		{F880C8DE-7742-42FF-AD28-840EB81238F4}.Debug|Any CPU.ActiveCfg = Debug|Any CPU
		{F880C8DE-7742-42FF-AD28-840EB81238F4}.Debug|Any CPU.Build.0 = Debug|Any CPU
		{F880C8DE-7742-42FF-AD28-840EB81238F4}.Custom Version|Any CPU.ActiveCfg = Custom Version|Any CPU
		{F880C8DE-7742-42FF-AD28-840EB81238F4}.Custom Version|Any CPU.Build.0 = Custom Version|Any CPU
		{F880C8DE-7742-42FF-AD28-840EB81238F4}.Main Release|Any CPU.ActiveCfg = Main Release|Any CPU
		{F880C8DE-7742-42FF-AD28-840EB81238F4}.Main Release|Any CPU.Build.0 = Main Release|Any CPU
		{A15E8A0D-C71D-4615-97BE-53225FC36FAB}.Debug|Any CPU.ActiveCfg = Debug|Any CPU
		{A15E8A0D-C71D-4615-97BE-53225FC36FAB}.Debug|Any CPU.Build.0 = Debug|Any CPU
		{A15E8A0D-C71D-4615-97BE-53225FC36FAB}.Custom Version|Any CPU.ActiveCfg = Custom Version|Any CPU
		{A15E8A0D-C71D-4615-97BE-53225FC36FAB}.Custom Version|Any CPU.Build.0 = Custom Version|Any CPU
		{A15E8A0D-C71D-4615-97BE-53225FC36FAB}.Main Release|Any CPU.ActiveCfg = Main Release|Any CPU
		{A15E8A0D-C71D-4615-97BE-53225FC36FAB}.Main Release|Any CPU.Build.0 = Main Release|Any CPU
		{61CAE88A-50E5-4B73-B69A-10D7B92889EB}.Debug|Any CPU.ActiveCfg = Debug|Any CPU
		{61CAE88A-50E5-4B73-B69A-10D7B92889EB}.Debug|Any CPU.Build.0 = Debug|Any CPU
		{61CAE88A-50E5-4B73-B69A-10D7B92889EB}.Custom Version|Any CPU.ActiveCfg = Custom Version|Any CPU
		{61CAE88A-50E5-4B73-B69A-10D7B92889EB}.Custom Version|Any CPU.Build.0 = Custom Version|Any CPU
		{61CAE88A-50E5-4B73-B69A-10D7B92889EB}.Main Release|Any CPU.ActiveCfg = Main Release|Any CPU
		{61CAE88A-50E5-4B73-B69A-10D7B92889EB}.Main Release|Any CPU.Build.0 = Main Release|Any CPU
	EndGlobalSection
EndGlobal
